<?xml version="1.0" encoding="utf-8"?>
<Project ToolsVersion="4.0" xmlns="http://schemas.microsoft.com/developer/msbuild/2003">
  <ItemGroup>
    <Filter Include="Source Files">
      <UniqueIdentifier>{4FC737F1-C7A5-4376-A066-2A32D752A2FF}</UniqueIdentifier>
      <Extensions>cpp;c;cc;cxx;def;odl;idl;hpj;bat;asm;asmx</Extensions>
    </Filter>
    <Filter Include="Header Files">
      <UniqueIdentifier>{93995380-89BD-4b04-88EB-625FBE52EBFB}</UniqueIdentifier>
      <Extensions>h;hpp;hxx;hm;inl;inc;xsd</Extensions>
    </Filter>
    <Filter Include="Resource Files">
      <UniqueIdentifier>{67DA6AB6-F800-4c08-8B7A-83BB121AAD01}</UniqueIdentifier>
      <Extensions>rc;ico;cur;bmp;dlg;rc2;rct;bin;rgs;gif;jpg;jpeg;jpe;resx;tiff;tif;png;wav;mfcribbon-ms</Extensions>
    </Filter>
  </ItemGroup>
  <ItemGroup>
    <ClInclude Include="geomobjects.hpp">
      <Filter>Header Files</Filter>
    </ClInclude>
    <ClInclude Include="geomfuncs.hpp">
      <Filter>Header Files</Filter>
    </ClInclude>
    <ClInclude Include="geomops.hpp">
      <Filter>Header Files</Filter>
    </ClInclude>
    <ClInclude Include="internalcommon.h">
      <Filter>Header Files</Filter>
    </ClInclude>
    <ClInclude Include="externalcommon.h">
      <Filter>Header Files</Filter>
    </ClInclude>
    <ClInclude Include="basegeom.h">
      <Filter>Header Files</Filter>
    </ClInclude>
    <ClInclude Include="stlgeom.hpp">
      <Filter>Header Files</Filter>
    </ClInclude>
    <ClInclude Include="stltopology.hpp">
      <Filter>Header Files</Filter>
    </ClInclude>
    <ClInclude Include="stlbound.hpp">
      <Filter>Header Files</Filter>
    </ClInclude>
    <ClInclude Include="adtree.hpp">
      <Filter>Header Files</Filter>
    </ClInclude>
    <ClInclude Include="triangulation.h">
      <Filter>Header Files</Filter>
    </ClInclude>
    <ClInclude Include="localh.hpp">
      <Filter>Header Files</Filter>
    </ClInclude>
    <ClInclude Include="mwlib.h">
      <Filter>Header Files</Filter>
    </ClInclude>
    <ClInclude Include="meshparameter.h">
      <Filter>Header Files</Filter>
    </ClInclude>
    <ClInclude Include="mesh.h">
      <Filter>Header Files</Filter>
    </ClInclude>
    <ClInclude Include="stlsurfacemeshfunction.h">
      <Filter>Header Files</Filter>
    </ClInclude>
    <ClInclude Include="globalvariable.h">
      <Filter>Header Files</Filter>
    </ClInclude>
    <ClInclude Include="mwtool.h">
      <Filter>Header Files</Filter>
    </ClInclude>
    <ClInclude Include="kodtree.h">
      <Filter>Header Files</Filter>
    </ClInclude>
    <ClInclude Include="meshtype.h">
      <Filter>Header Files</Filter>
    </ClInclude>
    <ClInclude Include="triangulationinkdtree.h">
      <Filter>Header Files</Filter>
    </ClInclude>
    <ClInclude Include="STLSurfaceMesh.h">
      <Filter>Header Files</Filter>
    </ClInclude>
    <ClInclude Include="table.h">
      <Filter>Header Files</Filter>
    </ClInclude>
  </ItemGroup>
  <ItemGroup>
    <ClCompile Include="start.cpp">
      <Filter>Source Files</Filter>
    </ClCompile>
    <ClCompile Include="geomfuncs.cpp">
      <Filter>Source Files</Filter>
    </ClCompile>
    <ClCompile Include="stltopology.cpp">
      <Filter>Source Files</Filter>
    </ClCompile>
    <ClCompile Include="stlbound.cpp">
      <Filter>Source Files</Filter>
    </ClCompile>
    <ClCompile Include="stlgeom.cpp">
      <Filter>Source Files</Filter>
    </ClCompile>
    <ClCompile Include="adtree.cpp">
      <Filter>Source Files</Filter>
    </ClCompile>
    <ClCompile Include="triangulation.cpp">
      <Filter>Source Files</Filter>
    </ClCompile>
    <ClCompile Include="localh.cpp">
      <Filter>Source Files</Filter>
    </ClCompile>
    <ClCompile Include="mwlib.cpp">
      <Filter>Source Files</Filter>
    </ClCompile>
    <ClCompile Include="meshparameter.cpp">
      <Filter>Source Files</Filter>
    </ClCompile>
    <ClCompile Include="mesh.cpp">
      <Filter>Source Files</Filter>
    </ClCompile>
    <ClCompile Include="stlsurfacemeshfunction.cpp">
      <Filter>Source Files</Filter>
    </ClCompile>
    <ClCompile Include="globalvariable.cpp">
      <Filter>Source Files</Filter>
    </ClCompile>
    <ClCompile Include="mwtool.cpp">
      <Filter>Source Files</Filter>
    </ClCompile>
    <ClCompile Include="kodtree.cpp">
      <Filter>Source Files</Filter>
    </ClCompile>
    <ClCompile Include="meshtype.cpp">
      <Filter>Source Files</Filter>
    </ClCompile>
    <ClCompile Include="triangulationinkdtree.cpp">
      <Filter>Source Files</Filter>
    </ClCompile>
    <ClCompile Include="STLSurfaceMesh.cpp">
      <Filter>Source Files</Filter>
    </ClCompile>
  </ItemGroup>
</Project>